
Microsoft Visual Studio Solution File, Format Version 12.00
# Visual Studio Version 16
VisualStudioVersion = 16.0.31019.35
MinimumVisualStudioVersion = 10.0.40219.1
Project("{8BC9CEB8-8B4A-11D0-8D11-00A0C91BC942}") = "8.二分搜索数", "8.二分搜索数.vcxproj", "{3DC15F05-016B-4575-8A9F-1534E8D17583}"
EndProject
Global
	GlobalSection(SolutionConfigurationPlatforms) = preSolution
		Debug|x64 = Debug|x64
		Debug|x86 = Debug|x86
		Release|x64 = Release|x64
		Release|x86 = Release|x86
	EndGlobalSection
	GlobalSection(ProjectConfigurationPlatforms) = postSolution
		{3DC15F05-016B-4575-8A9F-1534E8D17583}.Debug|x64.ActiveCfg = Debug|x64
		{3DC15F05-016B-4575-8A9F-1534E8D17583}.Debug|x64.Build.0 = Debug|x64
		{3DC15F05-016B-4575-8A9F-1534E8D17583}.Debug|x86.ActiveCfg = Debug|Win32
		{3DC15F05-016B-4575-8A9F-1534E8D17583}.Debug|x86.Build.0 = Debug|Win32
		{3DC15F05-016B-4575-8A9F-1534E8D17583}.Release|x64.ActiveCfg = Release|x64
		{3DC15F05-016B-4575-8A9F-1534E8D17583}.Release|x64.Build.0 = Release|x64
		{3DC15F05-016B-4575-8A9F-1534E8D17583}.Release|x86.ActiveCfg = Release|Win32
		{3DC15F05-016B-4575-8A9F-1534E8D17583}.Release|x86.Build.0 = Release|Win32
	EndGlobalSection
	GlobalSection(SolutionProperties) = preSolution
		HideSolutionNode = FALSE
	EndGlobalSection
	GlobalSection(ExtensibilityGlobals) = postSolution
		SolutionGuid = {A3656CE3-3575-4689-8CD0-0D1F15E32732}
	EndGlobalSection
EndGlobal
